
Microsoft Visual Studio Solution File, Format Version 12.00
# Visual Studio Version 17
VisualStudioVersion = 17.9.34607.119
MinimumVisualStudioVersion = 10.0.40219.1
Project("{FAE04EC0-301F-11D3-BF4B-00C04F79EFBC}") = "WordPuzzle", "WordPuzzle\WordPuzzle.csproj", "{67D0D00E-2042-4912-97C4-ADCEF77ECF5E}"
EndProject
Project("{2150E333-8FDC-42A3-9474-1A3956D46DE8}") = "Solution Items", "Solution Items", "{CA0F36A3-982B-44A0-AB7F-055E131417B7}"
	ProjectSection(SolutionItems) = preProject
		words-english.txt = words-english.txt
	EndProjectSection
EndProject
Project("{FAE04EC0-301F-11D3-BF4B-00C04F79EFBC}") = "WordPuzzle.UnitTests", "WordPuzzle.UnitTests\WordPuzzle.UnitTests.csproj", "{A23E7FDA-A99A-4CDA-8B3B-95F6816322A8}"
EndProject
Global
	GlobalSection(SolutionConfigurationPlatforms) = preSolution
		Debug|Any CPU = Debug|Any CPU
		Release|Any CPU = Release|Any CPU
	EndGlobalSection
	GlobalSection(ProjectConfigurationPlatforms) = postSolution
		{67D0D00E-2042-4912-97C4-ADCEF77ECF5E}.Debug|Any CPU.ActiveCfg = Debug|Any CPU
		{67D0D00E-2042-4912-97C4-ADCEF77ECF5E}.Debug|Any CPU.Build.0 = Debug|Any CPU
		{67D0D00E-2042-4912-97C4-ADCEF77ECF5E}.Release|Any CPU.ActiveCfg = Release|Any CPU
		{67D0D00E-2042-4912-97C4-ADCEF77ECF5E}.Release|Any CPU.Build.0 = Release|Any CPU
		{A23E7FDA-A99A-4CDA-8B3B-95F6816322A8}.Debug|Any CPU.ActiveCfg = Debug|Any CPU
		{A23E7FDA-A99A-4CDA-8B3B-95F6816322A8}.Debug|Any CPU.Build.0 = Debug|Any CPU
		{A23E7FDA-A99A-4CDA-8B3B-95F6816322A8}.Release|Any CPU.ActiveCfg = Release|Any CPU
		{A23E7FDA-A99A-4CDA-8B3B-95F6816322A8}.Release|Any CPU.Build.0 = Release|Any CPU
	EndGlobalSection
	GlobalSection(SolutionProperties) = preSolution
		HideSolutionNode = FALSE
	EndGlobalSection
	GlobalSection(ExtensibilityGlobals) = postSolution
		SolutionGuid = {61917436-118E-4891-8FC6-BFEF5974D1D4}
	EndGlobalSection
EndGlobal
